// !$*UTF8*$!
{
	archiveVersion = 1;
	classes = {
	};
	objectVersion = 50;
	objects = {

/* Begin PBXBuildFile section */
		A2B876DA22C18129008FDBB3 /* AppDelegate.swift in Sources */ = {isa = PBXBuildFile; fileRef = A2B876D922C18129008FDBB3 /* AppDelegate.swift */; };
		A2B876DC22C18129008FDBB3 /* ViewController.swift in Sources */ = {isa = PBXBuildFile; fileRef = A2B876DB22C18129008FDBB3 /* ViewController.swift */; };
		A2B876DF22C18129008FDBB3 /* Main.storyboard in Resources */ = {isa = PBXBuildFile; fileRef = A2B876DD22C18129008FDBB3 /* Main.storyboard */; };
		A2B876E122C1812B008FDBB3 /* Assets.xcassets in Resources */ = {isa = PBXBuildFile; fileRef = A2B876E022C1812B008FDBB3 /* Assets.xcassets */; };
		A2B876E422C1812B008FDBB3 /* LaunchScreen.storyboard in Resources */ = {isa = PBXBuildFile; fileRef = A2B876E222C1812B008FDBB3 /* LaunchScreen.storyboard */; };
		A2B876EC22C183A2008FDBB3 /* Scene.swift in Sources */ = {isa = PBXBuildFile; fileRef = A2B876EB22C183A2008FDBB3 /* Scene.swift */; };
		A2B876EE22C183A8008FDBB3 /* SceneController.swift in Sources */ = {isa = PBXBuildFile; fileRef = A2B876ED22C183A8008FDBB3 /* SceneController.swift */; };
		A2B876F022C28015008FDBB3 /* Player.swift in Sources */ = {isa = PBXBuildFile; fileRef = A2B876EF22C28015008FDBB3 /* Player.swift */; };
		A2B876F222C28020008FDBB3 /* Choice.swift in Sources */ = {isa = PBXBuildFile; fileRef = A2B876F122C28020008FDBB3 /* Choice.swift */; };
		A2B876F422C28109008FDBB3 /* Item.swift in Sources */ = {isa = PBXBuildFile; fileRef = A2B876F322C28109008FDBB3 /* Item.swift */; };
		A2B876F622C28197008FDBB3 /* Stat.swift in Sources */ = {isa = PBXBuildFile; fileRef = A2B876F522C28197008FDBB3 /* Stat.swift */; };
		A2B8770622C2DDA2008FDBB3 /* 15friend_scout.txt in Resources */ = {isa = PBXBuildFile; fileRef = A2B876F722C2DDA1008FDBB3 /* 15friend_scout.txt */; };
		A2B8770722C2DDA2008FDBB3 /* 4defend.txt in Resources */ = {isa = PBXBuildFile; fileRef = A2B876F822C2DDA1008FDBB3 /* 4defend.txt */; };
		A2B8770822C2DDA2008FDBB3 /* 7mexico.txt in Resources */ = {isa = PBXBuildFile; fileRef = A2B876F922C2DDA1008FDBB3 /* 7mexico.txt */; };
		A2B8770922C2DDA2008FDBB3 /* 12robber_alone.txt in Resources */ = {isa = PBXBuildFile; fileRef = A2B876FA22C2DDA1008FDBB3 /* 12robber_alone.txt */; };
		A2B8770A22C2DDA2008FDBB3 /* 3pizza.txt in Resources */ = {isa = PBXBuildFile; fileRef = A2B876FB22C2DDA1008FDBB3 /* 3pizza.txt */; };
		A2B8770B22C2DDA2008FDBB3 /* 10robber_together_get_it.txt in Resources */ = {isa = PBXBuildFile; fileRef = A2B876FC22C2DDA1008FDBB3 /* 10robber_together_get_it.txt */; };
		A2B8770C22C2DDA2008FDBB3 /* 1opening.txt in Resources */ = {isa = PBXBuildFile; fileRef = A2B876FD22C2DDA1008FDBB3 /* 1opening.txt */; };
		A2B8770D22C2DDA2008FDBB3 /* 11robber_scout.txt in Resources */ = {isa = PBXBuildFile; fileRef = A2B876FE22C2DDA1008FDBB3 /* 11robber_scout.txt */; };
		A2B8770E22C2DDA2008FDBB3 /* 9fly_alone.txt in Resources */ = {isa = PBXBuildFile; fileRef = A2B876FF22C2DDA1008FDBB3 /* 9fly_alone.txt */; };
		A2B8770F22C2DDA2008FDBB3 /* 13alone_without_robber.txt in Resources */ = {isa = PBXBuildFile; fileRef = A2B8770022C2DDA1008FDBB3 /* 13alone_without_robber.txt */; };
		A2B8771022C2DDA2008FDBB3 /* 6friend.txt in Resources */ = {isa = PBXBuildFile; fileRef = A2B8770122C2DDA1008FDBB3 /* 6friend.txt */; };
		A2B8771122C2DDA2008FDBB3 /* 14friend_together.txt in Resources */ = {isa = PBXBuildFile; fileRef = A2B8770222C2DDA2008FDBB3 /* 14friend_together.txt */; };
		A2B8771222C2DDA2008FDBB3 /* 2robber.txt in Resources */ = {isa = PBXBuildFile; fileRef = A2B8770322C2DDA2008FDBB3 /* 2robber.txt */; };
		A2B8771322C2DDA2008FDBB3 /* 5theft.txt in Resources */ = {isa = PBXBuildFile; fileRef = A2B8770422C2DDA2008FDBB3 /* 5theft.txt */; };
		A2B8771422C2DDA2008FDBB3 /* 8flee.txt in Resources */ = {isa = PBXBuildFile; fileRef = A2B8770522C2DDA2008FDBB3 /* 8flee.txt */; };
/* End PBXBuildFile section */

/* Begin PBXFileReference section */
		A2B876D622C18129008FDBB3 /* MexicanTreasure.app */ = {isa = PBXFileReference; explicitFileType = wrapper.application; includeInIndex = 0; path = MexicanTreasure.app; sourceTree = BUILT_PRODUCTS_DIR; };
		A2B876D922C18129008FDBB3 /* AppDelegate.swift */ = {isa = PBXFileReference; lastKnownFileType = sourcecode.swift; path = AppDelegate.swift; sourceTree = "<group>"; };
		A2B876DB22C18129008FDBB3 /* ViewController.swift */ = {isa = PBXFileReference; lastKnownFileType = sourcecode.swift; path = ViewController.swift; sourceTree = "<group>"; };
		A2B876DE22C18129008FDBB3 /* Base */ = {isa = PBXFileReference; lastKnownFileType = file.storyboard; name = Base; path = Base.lproj/Main.storyboard; sourceTree = "<group>"; };
		A2B876E022C1812B008FDBB3 /* Assets.xcassets */ = {isa = PBXFileReference; lastKnownFileType = folder.assetcatalog; path = Assets.xcassets; sourceTree = "<group>"; };
		A2B876E322C1812B008FDBB3 /* Base */ = {isa = PBXFileReference; lastKnownFileType = file.storyboard; name = Base; path = Base.lproj/LaunchScreen.storyboard; sourceTree = "<group>"; };
		A2B876E522C1812B008FDBB3 /* Info.plist */ = {isa = PBXFileReference; lastKnownFileType = text.plist.xml; path = Info.plist; sourceTree = "<group>"; };
		A2B876EB22C183A2008FDBB3 /* Scene.swift */ = {isa = PBXFileReference; lastKnownFileType = sourcecode.swift; path = Scene.swift; sourceTree = "<group>"; };
		A2B876ED22C183A8008FDBB3 /* SceneController.swift */ = {isa = PBXFileReference; lastKnownFileType = sourcecode.swift; path = SceneController.swift; sourceTree = "<group>"; };
		A2B876EF22C28015008FDBB3 /* Player.swift */ = {isa = PBXFileReference; lastKnownFileType = sourcecode.swift; path = Player.swift; sourceTree = "<group>"; };
		A2B876F122C28020008FDBB3 /* Choice.swift */ = {isa = PBXFileReference; lastKnownFileType = sourcecode.swift; path = Choice.swift; sourceTree = "<group>"; };
		A2B876F322C28109008FDBB3 /* Item.swift */ = {isa = PBXFileReference; lastKnownFileType = sourcecode.swift; path = Item.swift; sourceTree = "<group>"; };
		A2B876F522C28197008FDBB3 /* Stat.swift */ = {isa = PBXFileReference; lastKnownFileType = sourcecode.swift; path = Stat.swift; sourceTree = "<group>"; };
		A2B876F722C2DDA1008FDBB3 /* 15friend_scout.txt */ = {isa = PBXFileReference; fileEncoding = 4; lastKnownFileType = text; path = 15friend_scout.txt; sourceTree = "<group>"; };
		A2B876F822C2DDA1008FDBB3 /* 4defend.txt */ = {isa = PBXFileReference; fileEncoding = 4; lastKnownFileType = text; path = 4defend.txt; sourceTree = "<group>"; };
		A2B876F922C2DDA1008FDBB3 /* 7mexico.txt */ = {isa = PBXFileReference; fileEncoding = 4; lastKnownFileType = text; path = 7mexico.txt; sourceTree = "<group>"; };
		A2B876FA22C2DDA1008FDBB3 /* 12robber_alone.txt */ = {isa = PBXFileReference; fileEncoding = 4; lastKnownFileType = text; path = 12robber_alone.txt; sourceTree = "<group>"; };
		A2B876FB22C2DDA1008FDBB3 /* 3pizza.txt */ = {isa = PBXFileReference; fileEncoding = 4; lastKnownFileType = text; path = 3pizza.txt; sourceTree = "<group>"; };
		A2B876FC22C2DDA1008FDBB3 /* 10robber_together_get_it.txt */ = {isa = PBXFileReference; fileEncoding = 4; lastKnownFileType = text; path = 10robber_together_get_it.txt; sourceTree = "<group>"; };
		A2B876FD22C2DDA1008FDBB3 /* 1opening.txt */ = {isa = PBXFileReference; fileEncoding = 4; lastKnownFileType = text; path = 1opening.txt; sourceTree = "<group>"; };
		A2B876FE22C2DDA1008FDBB3 /* 11robber_scout.txt */ = {isa = PBXFileReference; fileEncoding = 4; lastKnownFileType = text; path = 11robber_scout.txt; sourceTree = "<group>"; };
		A2B876FF22C2DDA1008FDBB3 /* 9fly_alone.txt */ = {isa = PBXFileReference; fileEncoding = 4; lastKnownFileType = text; path = 9fly_alone.txt; sourceTree = "<group>"; };
		A2B8770022C2DDA1008FDBB3 /* 13alone_without_robber.txt */ = {isa = PBXFileReference; fileEncoding = 4; lastKnownFileType = text; path = 13alone_without_robber.txt; sourceTree = "<group>"; };
		A2B8770122C2DDA1008FDBB3 /* 6friend.txt */ = {isa = PBXFileReference; fileEncoding = 4; lastKnownFileType = text; path = 6friend.txt; sourceTree = "<group>"; };
		A2B8770222C2DDA2008FDBB3 /* 14friend_together.txt */ = {isa = PBXFileReference; fileEncoding = 4; lastKnownFileType = text; path = 14friend_together.txt; sourceTree = "<group>"; };
		A2B8770322C2DDA2008FDBB3 /* 2robber.txt */ = {isa = PBXFileReference; fileEncoding = 4; lastKnownFileType = text; path = 2robber.txt; sourceTree = "<group>"; };
		A2B8770422C2DDA2008FDBB3 /* 5theft.txt */ = {isa = PBXFileReference; fileEncoding = 4; lastKnownFileType = text; path = 5theft.txt; sourceTree = "<group>"; };
		A2B8770522C2DDA2008FDBB3 /* 8flee.txt */ = {isa = PBXFileReference; fileEncoding = 4; lastKnownFileType = text; path = 8flee.txt; sourceTree = "<group>"; };
/* End PBXFileReference section */

/* Begin PBXFrameworksBuildPhase section */
		A2B876D322C18129008FDBB3 /* Frameworks */ = {
			isa = PBXFrameworksBuildPhase;
			buildActionMask = 2147483647;
			files = (
			);
			runOnlyForDeploymentPostprocessing = 0;
		};
/* End PBXFrameworksBuildPhase section */

/* Begin PBXGroup section */
		A2B876CD22C18129008FDBB3 = {
			isa = PBXGroup;
			children = (
				A2B876D822C18129008FDBB3 /* MexicanTreasure */,
				A2B876D722C18129008FDBB3 /* Products */,
				A2B876FD22C2DDA1008FDBB3 /* 1opening.txt */,
				A2B8770322C2DDA2008FDBB3 /* 2robber.txt */,
				A2B876FB22C2DDA1008FDBB3 /* 3pizza.txt */,
				A2B876F822C2DDA1008FDBB3 /* 4defend.txt */,
				A2B8770422C2DDA2008FDBB3 /* 5theft.txt */,
				A2B8770122C2DDA1008FDBB3 /* 6friend.txt */,
				A2B876F922C2DDA1008FDBB3 /* 7mexico.txt */,
				A2B8770522C2DDA2008FDBB3 /* 8flee.txt */,
				A2B876FF22C2DDA1008FDBB3 /* 9fly_alone.txt */,
				A2B876FC22C2DDA1008FDBB3 /* 10robber_together_get_it.txt */,
				A2B876FE22C2DDA1008FDBB3 /* 11robber_scout.txt */,
				A2B876FA22C2DDA1008FDBB3 /* 12robber_alone.txt */,
				A2B8770022C2DDA1008FDBB3 /* 13alone_without_robber.txt */,
				A2B8770222C2DDA2008FDBB3 /* 14friend_together.txt */,
				A2B876F722C2DDA1008FDBB3 /* 15friend_scout.txt */,
			);
			sourceTree = "<group>";
		};
		A2B876D722C18129008FDBB3 /* Products */ = {
			isa = PBXGroup;
			children = (
				A2B876D622C18129008FDBB3 /* MexicanTreasure.app */,
			);
			name = Products;
			sourceTree = "<group>";
		};
		A2B876D822C18129008FDBB3 /* MexicanTreasure */ = {
			isa = PBXGroup;
			children = (
				A2B876D922C18129008FDBB3 /* AppDelegate.swift */,
				A2B876DB22C18129008FDBB3 /* ViewController.swift */,
				A2B876EB22C183A2008FDBB3 /* Scene.swift */,
				A2B876ED22C183A8008FDBB3 /* SceneController.swift */,
				A2B876EF22C28015008FDBB3 /* Player.swift */,
				A2B876F522C28197008FDBB3 /* Stat.swift */,
				A2B876F322C28109008FDBB3 /* Item.swift */,
				A2B876F122C28020008FDBB3 /* Choice.swift */,
				A2B876DD22C18129008FDBB3 /* Main.storyboard */,
				A2B876E022C1812B008FDBB3 /* Assets.xcassets */,
				A2B876E222C1812B008FDBB3 /* LaunchScreen.storyboard */,
				A2B876E522C1812B008FDBB3 /* Info.plist */,
			);
			path = MexicanTreasure;
			sourceTree = "<group>";
		};
/* End PBXGroup section */

/* Begin PBXNativeTarget section */
		A2B876D522C18129008FDBB3 /* MexicanTreasure */ = {
			isa = PBXNativeTarget;
			buildConfigurationList = A2B876E822C1812B008FDBB3 /* Build configuration list for PBXNativeTarget "MexicanTreasure" */;
			buildPhases = (
				A2B876D222C18129008FDBB3 /* Sources */,
				A2B876D322C18129008FDBB3 /* Frameworks */,
				A2B876D422C18129008FDBB3 /* Resources */,
			);
			buildRules = (
			);
			dependencies = (
			);
			name = MexicanTreasure;
			productName = MexicanTreasure;
			productReference = A2B876D622C18129008FDBB3 /* MexicanTreasure.app */;
			productType = "com.apple.product-type.application";
		};
/* End PBXNativeTarget section */

/* Begin PBXProject section */
		A2B876CE22C18129008FDBB3 /* Project object */ = {
			isa = PBXProject;
			attributes = {
				LastSwiftUpdateCheck = 1020;
				LastUpgradeCheck = 1020;
				ORGANIZATIONNAME = "Austin Cole";
				TargetAttributes = {
					A2B876D522C18129008FDBB3 = {
						CreatedOnToolsVersion = 10.2;
					};
				};
			};
			buildConfigurationList = A2B876D122C18129008FDBB3 /* Build configuration list for PBXProject "MexicanTreasure" */;
			compatibilityVersion = "Xcode 9.3";
			developmentRegion = en;
			hasScannedForEncodings = 0;
			knownRegions = (
				en,
				Base,
			);
			mainGroup = A2B876CD22C18129008FDBB3;
			productRefGroup = A2B876D722C18129008FDBB3 /* Products */;
			projectDirPath = "";
			projectRoot = "";
			targets = (
				A2B876D522C18129008FDBB3 /* MexicanTreasure */,
			);
		};
/* End PBXProject section */

/* Begin PBXResourcesBuildPhase section */
		A2B876D422C18129008FDBB3 /* Resources */ = {
			isa = PBXResourcesBuildPhase;
			buildActionMask = 2147483647;
			files = (
				A2B8770722C2DDA2008FDBB3 /* 4defend.txt in Resources */,
				A2B8770A22C2DDA2008FDBB3 /* 3pizza.txt in Resources */,
				A2B8770822C2DDA2008FDBB3 /* 7mexico.txt in Resources */,
				A2B8771322C2DDA2008FDBB3 /* 5theft.txt in Resources */,
				A2B8770C22C2DDA2008FDBB3 /* 1opening.txt in Resources */,
				A2B8771422C2DDA2008FDBB3 /* 8flee.txt in Resources */,
				A2B876E422C1812B008FDBB3 /* LaunchScreen.storyboard in Resources */,
				A2B8770F22C2DDA2008FDBB3 /* 13alone_without_robber.txt in Resources */,
				A2B8770B22C2DDA2008FDBB3 /* 10robber_together_get_it.txt in Resources */,
				A2B8771222C2DDA2008FDBB3 /* 2robber.txt in Resources */,
				A2B876E122C1812B008FDBB3 /* Assets.xcassets in Resources */,
				A2B876DF22C18129008FDBB3 /* Main.storyboard in Resources */,
				A2B8770622C2DDA2008FDBB3 /* 15friend_scout.txt in Resources */,
				A2B8770922C2DDA2008FDBB3 /* 12robber_alone.txt in Resources */,
				A2B8770E22C2DDA2008FDBB3 /* 9fly_alone.txt in Resources */,
				A2B8770D22C2DDA2008FDBB3 /* 11robber_scout.txt in Resources */,
				A2B8771022C2DDA2008FDBB3 /* 6friend.txt in Resources */,
				A2B8771122C2DDA2008FDBB3 /* 14friend_together.txt in Resources */,
			);
			runOnlyForDeploymentPostprocessing = 0;
		};
/* End PBXResourcesBuildPhase section */

/* Begin PBXSourcesBuildPhase section */
		A2B876D222C18129008FDBB3 /* Sources */ = {
			isa = PBXSourcesBuildPhase;
			buildActionMask = 2147483647;
			files = (
				A2B876F222C28020008FDBB3 /* Choice.swift in Sources */,
				A2B876F622C28197008FDBB3 /* Stat.swift in Sources */,
				A2B876DC22C18129008FDBB3 /* ViewController.swift in Sources */,
				A2B876DA22C18129008FDBB3 /* AppDelegate.swift in Sources */,
				A2B876EE22C183A8008FDBB3 /* SceneController.swift in Sources */,
				A2B876F422C28109008FDBB3 /* Item.swift in Sources */,
				A2B876F022C28015008FDBB3 /* Player.swift in Sources */,
				A2B876EC22C183A2008FDBB3 /* Scene.swift in Sources */,
			);
			runOnlyForDeploymentPostprocessing = 0;
		};
/* End PBXSourcesBuildPhase section */

/* Begin PBXVariantGroup section */
		A2B876DD22C18129008FDBB3 /* Main.storyboard */ = {
			isa = PBXVariantGroup;
			children = (
				A2B876DE22C18129008FDBB3 /* Base */,
			);
			name = Main.storyboard;
			sourceTree = "<group>";
		};
		A2B876E222C1812B008FDBB3 /* LaunchScreen.storyboard */ = {
			isa = PBXVariantGroup;
			children = (
				A2B876E322C1812B008FDBB3 /* Base */,
			);
			name = LaunchScreen.storyboard;
			sourceTree = "<group>";
		};
/* End PBXVariantGroup section */

/* Begin XCBuildConfiguration section */
		A2B876E622C1812B008FDBB3 /* Debug */ = {
			isa = XCBuildConfiguration;
			buildSettings = {
				ALWAYS_SEARCH_USER_PATHS = NO;
				CLANG_ANALYZER_NONNULL = YES;
				CLANG_ANALYZER_NUMBER_OBJECT_CONVERSION = YES_AGGRESSIVE;
				CLANG_CXX_LANGUAGE_STANDARD = "gnu++14";
				CLANG_CXX_LIBRARY = "libc++";
				CLANG_ENABLE_MODULES = YES;
				CLANG_ENABLE_OBJC_ARC = YES;
				CLANG_ENABLE_OBJC_WEAK = YES;
				CLANG_WARN_BLOCK_CAPTURE_AUTORELEASING = YES;
				CLANG_WARN_BOOL_CONVERSION = YES;
				CLANG_WARN_COMMA = YES;
				CLANG_WARN_CONSTANT_CONVERSION = YES;
				CLANG_WARN_DEPRECATED_OBJC_IMPLEMENTATIONS = YES;
				CLANG_WARN_DIRECT_OBJC_ISA_USAGE = YES_ERROR;
				CLANG_WARN_DOCUMENTATION_COMMENTS = YES;
				CLANG_WARN_EMPTY_BODY = YES;
				CLANG_WARN_ENUM_CONVERSION = YES;
				CLANG_WARN_INFINITE_RECURSION = YES;
				CLANG_WARN_INT_CONVERSION = YES;
				CLANG_WARN_NON_LITERAL_NULL_CONVERSION = YES;
				CLANG_WARN_OBJC_IMPLICIT_RETAIN_SELF = YES;
				CLANG_WARN_OBJC_LITERAL_CONVERSION = YES;
				CLANG_WARN_OBJC_ROOT_CLASS = YES_ERROR;
				CLANG_WARN_RANGE_LOOP_ANALYSIS = YES;
				CLANG_WARN_STRICT_PROTOTYPES = YES;
				CLANG_WARN_SUSPICIOUS_MOVE = YES;
				CLANG_WARN_UNGUARDED_AVAILABILITY = YES_AGGRESSIVE;
				CLANG_WARN_UNREACHABLE_CODE = YES;
				CLANG_WARN__DUPLICATE_METHOD_MATCH = YES;
				CODE_SIGN_IDENTITY = "iPhone Developer";
				COPY_PHASE_STRIP = NO;
				DEBUG_INFORMATION_FORMAT = dwarf;
				ENABLE_STRICT_OBJC_MSGSEND = YES;
				ENABLE_TESTABILITY = YES;
				GCC_C_LANGUAGE_STANDARD = gnu11;
				GCC_DYNAMIC_NO_PIC = NO;
				GCC_NO_COMMON_BLOCKS = YES;
				GCC_OPTIMIZATION_LEVEL = 0;
				GCC_PREPROCESSOR_DEFINITIONS = (
					"DEBUG=1",
					"$(inherited)",
				);
				GCC_WARN_64_TO_32_BIT_CONVERSION = YES;
				GCC_WARN_ABOUT_RETURN_TYPE = YES_ERROR;
				GCC_WARN_UNDECLARED_SELECTOR = YES;
				GCC_WARN_UNINITIALIZED_AUTOS = YES_AGGRESSIVE;
				GCC_WARN_UNUSED_FUNCTION = YES;
				GCC_WARN_UNUSED_VARIABLE = YES;
				IPHONEOS_DEPLOYMENT_TARGET = 12.2;
				MTL_ENABLE_DEBUG_INFO = INCLUDE_SOURCE;
				MTL_FAST_MATH = YES;
				ONLY_ACTIVE_ARCH = YES;
				SDKROOT = iphoneos;
				SWIFT_ACTIVE_COMPILATION_CONDITIONS = DEBUG;
				SWIFT_OPTIMIZATION_LEVEL = "-Onone";
			};
			name = Debug;
		};
		A2B876E722C1812B008FDBB3 /* Release */ = {
			isa = XCBuildConfiguration;
			buildSettings = {
				ALWAYS_SEARCH_USER_PATHS = NO;
				CLANG_ANALYZER_NONNULL = YES;
				CLANG_ANALYZER_NUMBER_OBJECT_CONVERSION = YES_AGGRESSIVE;
				CLANG_CXX_LANGUAGE_STANDARD = "gnu++14";
				CLANG_CXX_LIBRARY = "libc++";
				CLANG_ENABLE_MODULES = YES;
				CLANG_ENABLE_OBJC_ARC = YES;
				CLANG_ENABLE_OBJC_WEAK = YES;
				CLANG_WARN_BLOCK_CAPTURE_AUTORELEASING = YES;
				CLANG_WARN_BOOL_CONVERSION = YES;
				CLANG_WARN_COMMA = YES;
				CLANG_WARN_CONSTANT_CONVERSION = YES;
				CLANG_WARN_DEPRECATED_OBJC_IMPLEMENTATIONS = YES;
				CLANG_WARN_DIRECT_OBJC_ISA_USAGE = YES_ERROR;
				CLANG_WARN_DOCUMENTATION_COMMENTS = YES;
				CLANG_WARN_EMPTY_BODY = YES;
				CLANG_WARN_ENUM_CONVERSION = YES;
				CLANG_WARN_INFINITE_RECURSION = YES;
				CLANG_WARN_INT_CONVERSION = YES;
				CLANG_WARN_NON_LITERAL_NULL_CONVERSION = YES;
				CLANG_WARN_OBJC_IMPLICIT_RETAIN_SELF = YES;
				CLANG_WARN_OBJC_LITERAL_CONVERSION = YES;
				CLANG_WARN_OBJC_ROOT_CLASS = YES_ERROR;
				CLANG_WARN_RANGE_LOOP_ANALYSIS = YES;
				CLANG_WARN_STRICT_PROTOTYPES = YES;
				CLANG_WARN_SUSPICIOUS_MOVE = YES;
				CLANG_WARN_UNGUARDED_AVAILABILITY = YES_AGGRESSIVE;
				CLANG_WARN_UNREACHABLE_CODE = YES;
				CLANG_WARN__DUPLICATE_METHOD_MATCH = YES;
				CODE_SIGN_IDENTITY = "iPhone Developer";
				COPY_PHASE_STRIP = NO;
				DEBUG_INFORMATION_FORMAT = "dwarf-with-dsym";
				ENABLE_NS_ASSERTIONS = NO;
				ENABLE_STRICT_OBJC_MSGSEND = YES;
				GCC_C_LANGUAGE_STANDARD = gnu11;
				GCC_NO_COMMON_BLOCKS = YES;
				GCC_WARN_64_TO_32_BIT_CONVERSION = YES;
				GCC_WARN_ABOUT_RETURN_TYPE = YES_ERROR;
				GCC_WARN_UNDECLARED_SELECTOR = YES;
				GCC_WARN_UNINITIALIZED_AUTOS = YES_AGGRESSIVE;
				GCC_WARN_UNUSED_FUNCTION = YES;
				GCC_WARN_UNUSED_VARIABLE = YES;
				IPHONEOS_DEPLOYMENT_TARGET = 12.2;
				MTL_ENABLE_DEBUG_INFO = NO;
				MTL_FAST_MATH = YES;
				SDKROOT = iphoneos;
				SWIFT_COMPILATION_MODE = wholemodule;
				SWIFT_OPTIMIZATION_LEVEL = "-O";
				VALIDATE_PRODUCT = YES;
			};
			name = Release;
		};
		A2B876E922C1812B008FDBB3 /* Debug */ = {
			isa = XCBuildConfiguration;
			buildSettings = {
				ASSETCATALOG_COMPILER_APPICON_NAME = AppIcon;
				CODE_SIGN_STYLE = Automatic;
				DEVELOPMENT_TEAM = GM5F836QJV;
				INFOPLIST_FILE = MexicanTreasure/Info.plist;
				LD_RUNPATH_SEARCH_PATHS = (
					"$(inherited)",
					"@executable_path/Frameworks",
				);
				PRODUCT_BUNDLE_IDENTIFIER = com.AustinCole.MexicanTreasure;
				PRODUCT_NAME = "$(TARGET_NAME)";
				SWIFT_VERSION = 5.0;
				TARGETED_DEVICE_FAMILY = "1,2";
			};
			name = Debug;
		};
		A2B876EA22C1812B008FDBB3 /* Release */ = {
			isa = XCBuildConfiguration;
			buildSettings = {
				ASSETCATALOG_COMPILER_APPICON_NAME = AppIcon;
				CODE_SIGN_STYLE = Automatic;
				DEVELOPMENT_TEAM = GM5F836QJV;
				INFOPLIST_FILE = MexicanTreasure/Info.plist;
				LD_RUNPATH_SEARCH_PATHS = (
					"$(inherited)",
					"@executable_path/Frameworks",
				);
				PRODUCT_BUNDLE_IDENTIFIER = com.AustinCole.MexicanTreasure;
				PRODUCT_NAME = "$(TARGET_NAME)";
				SWIFT_VERSION = 5.0;
				TARGETED_DEVICE_FAMILY = "1,2";
			};
			name = Release;
		};
/* End XCBuildConfiguration section */

/* Begin XCConfigurationList section */
		A2B876D122C18129008FDBB3 /* Build configuration list for PBXProject "MexicanTreasure" */ = {
			isa = XCConfigurationList;
			buildConfigurations = (
				A2B876E622C1812B008FDBB3 /* Debug */,
				A2B876E722C1812B008FDBB3 /* Release */,
			);
			defaultConfigurationIsVisible = 0;
			defaultConfigurationName = Release;
		};
		A2B876E822C1812B008FDBB3 /* Build configuration list for PBXNativeTarget "MexicanTreasure" */ = {
			isa = XCConfigurationList;
			buildConfigurations = (
				A2B876E922C1812B008FDBB3 /* Debug */,
				A2B876EA22C1812B008FDBB3 /* Release */,
			);
			defaultConfigurationIsVisible = 0;
			defaultConfigurationName = Release;
		};
/* End XCConfigurationList section */
	};
	rootObject = A2B876CE22C18129008FDBB3 /* Project object */;
}
